
Microsoft Visual Studio Solution File, Format Version 12.00
Project("{FAE04EC0-301F-11D3-BF4B-00C04F79EFBC}") = "Trabajos SIG", "Trabajos SIG\Trabajos SIG.csproj", "{965624EE-22ED-4089-82CE-AE0B64F922B5}"
EndProject
Project("{FAE04EC0-301F-11D3-BF4B-00C04F79EFBC}") = "Hola Mundo", "Hola Mundo\Hola Mundo.csproj", "{D1C03840-0781-4237-9977-A21D2D01F5FE}"
EndProject
Project("{FAE04EC0-301F-11D3-BF4B-00C04F79EFBC}") = "Area de un circulo", "Area de un circulo\Area de un circulo.csproj", "{03335AA6-3B9A-494F-9F29-70A3275D70A5}"
EndProject
Project("{2150E333-8FDC-42A3-9474-1A3956D46DE8}") = "Actividad 1", "Actividad 1", "{600C805C-26EA-4AD8-9460-9E1B6C844DF2}"
EndProject
Project("{FAE04EC0-301F-11D3-BF4B-00C04F79EFBC}") = "Area de un triangulo", "Area de un triangulo\Area de un triangulo.csproj", "{32E095BE-4D7F-4636-B49E-56B75211B802}"
EndProject
Project("{FAE04EC0-301F-11D3-BF4B-00C04F79EFBC}") = "Paga Trabajador", "Paga Trabajador\Paga Trabajador.csproj", "{FAD1A47E-FA9A-41AA-95D0-CC9487520C13}"
EndProject
Project("{2150E333-8FDC-42A3-9474-1A3956D46DE8}") = "Actividad 2", "Actividad 2", "{EB2B23B5-43E0-4A92-B319-DAABE8BD1B19}"
EndProject
Project("{FAE04EC0-301F-11D3-BF4B-00C04F79EFBC}") = "Operaciones Matematicas", "Operaciones Matematicas\Operaciones Matematicas.csproj", "{21461F95-5587-4267-99E7-1E2D05D11D60}"
EndProject
Project("{FAE04EC0-301F-11D3-BF4B-00C04F79EFBC}") = "Promedio Calificaciones", "Promedio Calificaciones\Promedio Calificaciones.csproj", "{9CAAA4B5-9C8C-4E17-A267-800DEF3395FF}"
EndProject
Project("{FAE04EC0-301F-11D3-BF4B-00C04F79EFBC}") = "Operadores de asignacion", "Operadores de asignacion\Operadores de asignacion.csproj", "{6BD53E8D-F37E-4768-84B4-74FDF4DFA45F}"
EndProject
Project("{FAE04EC0-301F-11D3-BF4B-00C04F79EFBC}") = "Funciones trigonometricas", "Funciones trigonometricas\Funciones trigonometricas.csproj", "{AEDF89F1-5AAB-4F02-84F6-EC8553C8060B}"
EndProject
Project("{FAE04EC0-301F-11D3-BF4B-00C04F79EFBC}") = "Dividir en cifras", "Dividir en cifras\Dividir en cifras.csproj", "{34148FF4-85DD-42B0-BA17-22F702E5745F}"
EndProject
Project("{FAE04EC0-301F-11D3-BF4B-00C04F79EFBC}") = "Trabajando Enteros", "Trabajando Enteros\Trabajando Enteros.csproj", "{46FCF6FD-CEB6-439F-AC2B-6467F7632E6F}"
EndProject
Project("{2150E333-8FDC-42A3-9474-1A3956D46DE8}") = "Actividad 3", "Actividad 3", "{056DC8EF-7538-4F88-860F-110A8A743DD4}"
EndProject
Project("{FAE04EC0-301F-11D3-BF4B-00C04F79EFBC}") = "Trabajando con flotantes", "Trabajando con flotantes\Trabajando con flotantes.csproj", "{1BF9156E-5E8E-4B15-963C-DDA4149DDA59}"
EndProject
Project("{FAE04EC0-301F-11D3-BF4B-00C04F79EFBC}") = "Trabajando Constantes", "Trabajando Constantes\Trabajando Constantes.csproj", "{31B55CDF-5967-42D2-A079-A8F9EF4003BB}"
EndProject
Project("{2150E333-8FDC-42A3-9474-1A3956D46DE8}") = "Actividad 4", "Actividad 4", "{4C3B4AAD-F0B9-4B8D-97EA-8A453F3E24D8}"
EndProject
Project("{2150E333-8FDC-42A3-9474-1A3956D46DE8}") = "Tarea 1", "Tarea 1", "{0F168535-2921-4B70-87CE-06CD42AC7369}"
EndProject
Project("{FAE04EC0-301F-11D3-BF4B-00C04F79EFBC}") = "Verificar Numero", "Verificar Numero\Verificar Numero.csproj", "{DE15520F-96DA-4A39-BE8C-774A243B10AE}"
EndProject
Project("{FAE04EC0-301F-11D3-BF4B-00C04F79EFBC}") = "Verificar Suma", "Verificar Suma\Verificar Suma.csproj", "{F3ADEABA-8491-4BF9-92B4-D6FD3CAFFAA3}"
EndProject
Project("{FAE04EC0-301F-11D3-BF4B-00C04F79EFBC}") = "Convertir Temperatura", "Convertir Temperatura\Convertir Temperatura.csproj", "{C378FE82-C4FC-4449-910E-D92024BA0EDA}"
EndProject
Project("{FAE04EC0-301F-11D3-BF4B-00C04F79EFBC}") = "Paga Extra", "Paga Extra\Paga Extra.csproj", "{25695490-A0D7-49D0-838B-E7E16EFE9B51}"
EndProject
Project("{FAE04EC0-301F-11D3-BF4B-00C04F79EFBC}") = "Hipotenusa Triangulo", "Hipotenusa Triangulo\Hipotenusa Triangulo.csproj", "{E2339B1F-A100-4446-B164-9DE2B48C089C}"
EndProject
Project("{FAE04EC0-301F-11D3-BF4B-00C04F79EFBC}") = "Calcular Angulo", "Calcular Angulo\Calcular Angulo.csproj", "{06E45E15-B31D-4D13-8DEF-2E62E0419D8F}"
EndProject
Project("{FAE04EC0-301F-11D3-BF4B-00C04F79EFBC}") = "Convertir Farenheit", "Convertir Farenheit\Convertir Farenheit.csproj", "{B89325B5-B182-4A3A-B06E-521B535078B6}"
EndProject
Project("{FAE04EC0-301F-11D3-BF4B-00C04F79EFBC}") = "Volumen Cilindro", "Volumen Cilindro\Volumen Cilindro.csproj", "{4AE3E03D-755B-47B9-9D71-8DF5DDF75C21}"
EndProject
Project("{FAE04EC0-301F-11D3-BF4B-00C04F79EFBC}") = "Calculo Tiempo", "Calculo Tiempo\Calculo Tiempo.csproj", "{FEAAC9F0-D494-4D90-A1FB-474139EDB4CD}"
EndProject
Project("{FAE04EC0-301F-11D3-BF4B-00C04F79EFBC}") = "Convertir Dolares", "Convertir Dolares\Convertir Dolares.csproj", "{211F352B-14F6-41A5-B599-F92A5151DA7D}"
EndProject
Project("{2150E333-8FDC-42A3-9474-1A3956D46DE8}") = "Actividad 5", "Actividad 5", "{1875CC71-CAB1-4046-AB3F-85171490FE96}"
EndProject
Project("{FAE04EC0-301F-11D3-BF4B-00C04F79EFBC}") = "Esaciones Año", "Esaciones Año\Esaciones Año.csproj", "{CE5CAA42-D73B-424F-B2C3-EF315D021D6B}"
EndProject
Project("{FAE04EC0-301F-11D3-BF4B-00C04F79EFBC}") = "Tipo Angulo", "Tipo Angulo\Tipo Angulo.csproj", "{162C3862-4AB5-4A5F-831B-81822C75BC2C}"
EndProject
Project("{FAE04EC0-301F-11D3-BF4B-00C04F79EFBC}") = "Aceptar Estudiante", "Aceptar Estudiante\Aceptar Estudiante.csproj", "{05B34288-1E0A-4253-A568-E0637324F1DA}"
EndProject
Project("{FAE04EC0-301F-11D3-BF4B-00C04F79EFBC}") = "Ley de Newton", "Ley de Newton\Ley de Newton.csproj", "{C6592852-366F-4259-A24C-0DE9611F27A2}"
EndProject
Project("{2150E333-8FDC-42A3-9474-1A3956D46DE8}") = "Actividad 6", "Actividad 6", "{185DA43B-646D-4D53-8EF5-8BAD194B8595}"
EndProject
Project("{FAE04EC0-301F-11D3-BF4B-00C04F79EFBC}") = "Calculadora", "Calculadora\Calculadora.csproj", "{40A472C9-529A-4F5F-BFBA-F85A558A358F}"
EndProject
Project("{FAE04EC0-301F-11D3-BF4B-00C04F79EFBC}") = "Dia Semana", "Dia Semana\Dia Semana.csproj", "{169A0597-0466-4222-AF07-489849132102}"
EndProject
Project("{FAE04EC0-301F-11D3-BF4B-00C04F79EFBC}") = "Numeros Romanos", "Numeros Romanos\Numeros Romanos.csproj", "{BB272DBB-CEEA-4B1E-BC86-D53F511FBD98}"
EndProject
Project("{FAE04EC0-301F-11D3-BF4B-00C04F79EFBC}") = "Pago Estacionamiento", "Pago Estacionamiento\Pago Estacionamiento.csproj", "{A793ABC4-C6E4-4389-8FC9-48E9010423F8}"
EndProject
Global
	GlobalSection(SolutionConfigurationPlatforms) = preSolution
		Debug|Any CPU = Debug|Any CPU
		Release|Any CPU = Release|Any CPU
	EndGlobalSection
	GlobalSection(ProjectConfigurationPlatforms) = postSolution
		{965624EE-22ED-4089-82CE-AE0B64F922B5}.Debug|Any CPU.ActiveCfg = Debug|Any CPU
		{965624EE-22ED-4089-82CE-AE0B64F922B5}.Debug|Any CPU.Build.0 = Debug|Any CPU
		{965624EE-22ED-4089-82CE-AE0B64F922B5}.Release|Any CPU.ActiveCfg = Release|Any CPU
		{965624EE-22ED-4089-82CE-AE0B64F922B5}.Release|Any CPU.Build.0 = Release|Any CPU
		{D1C03840-0781-4237-9977-A21D2D01F5FE}.Debug|Any CPU.ActiveCfg = Debug|Any CPU
		{D1C03840-0781-4237-9977-A21D2D01F5FE}.Debug|Any CPU.Build.0 = Debug|Any CPU
		{D1C03840-0781-4237-9977-A21D2D01F5FE}.Release|Any CPU.ActiveCfg = Release|Any CPU
		{D1C03840-0781-4237-9977-A21D2D01F5FE}.Release|Any CPU.Build.0 = Release|Any CPU
		{03335AA6-3B9A-494F-9F29-70A3275D70A5}.Debug|Any CPU.ActiveCfg = Debug|Any CPU
		{03335AA6-3B9A-494F-9F29-70A3275D70A5}.Debug|Any CPU.Build.0 = Debug|Any CPU
		{03335AA6-3B9A-494F-9F29-70A3275D70A5}.Release|Any CPU.ActiveCfg = Release|Any CPU
		{03335AA6-3B9A-494F-9F29-70A3275D70A5}.Release|Any CPU.Build.0 = Release|Any CPU
		{32E095BE-4D7F-4636-B49E-56B75211B802}.Debug|Any CPU.ActiveCfg = Debug|Any CPU
		{32E095BE-4D7F-4636-B49E-56B75211B802}.Debug|Any CPU.Build.0 = Debug|Any CPU
		{32E095BE-4D7F-4636-B49E-56B75211B802}.Release|Any CPU.ActiveCfg = Release|Any CPU
		{32E095BE-4D7F-4636-B49E-56B75211B802}.Release|Any CPU.Build.0 = Release|Any CPU
		{FAD1A47E-FA9A-41AA-95D0-CC9487520C13}.Debug|Any CPU.ActiveCfg = Debug|Any CPU
		{FAD1A47E-FA9A-41AA-95D0-CC9487520C13}.Debug|Any CPU.Build.0 = Debug|Any CPU
		{FAD1A47E-FA9A-41AA-95D0-CC9487520C13}.Release|Any CPU.ActiveCfg = Release|Any CPU
		{FAD1A47E-FA9A-41AA-95D0-CC9487520C13}.Release|Any CPU.Build.0 = Release|Any CPU
		{21461F95-5587-4267-99E7-1E2D05D11D60}.Debug|Any CPU.ActiveCfg = Debug|Any CPU
		{21461F95-5587-4267-99E7-1E2D05D11D60}.Debug|Any CPU.Build.0 = Debug|Any CPU
		{21461F95-5587-4267-99E7-1E2D05D11D60}.Release|Any CPU.ActiveCfg = Release|Any CPU
		{21461F95-5587-4267-99E7-1E2D05D11D60}.Release|Any CPU.Build.0 = Release|Any CPU
		{9CAAA4B5-9C8C-4E17-A267-800DEF3395FF}.Debug|Any CPU.ActiveCfg = Debug|Any CPU
		{9CAAA4B5-9C8C-4E17-A267-800DEF3395FF}.Debug|Any CPU.Build.0 = Debug|Any CPU
		{9CAAA4B5-9C8C-4E17-A267-800DEF3395FF}.Release|Any CPU.ActiveCfg = Release|Any CPU
		{9CAAA4B5-9C8C-4E17-A267-800DEF3395FF}.Release|Any CPU.Build.0 = Release|Any CPU
		{6BD53E8D-F37E-4768-84B4-74FDF4DFA45F}.Debug|Any CPU.ActiveCfg = Debug|Any CPU
		{6BD53E8D-F37E-4768-84B4-74FDF4DFA45F}.Debug|Any CPU.Build.0 = Debug|Any CPU
		{6BD53E8D-F37E-4768-84B4-74FDF4DFA45F}.Release|Any CPU.ActiveCfg = Release|Any CPU
		{6BD53E8D-F37E-4768-84B4-74FDF4DFA45F}.Release|Any CPU.Build.0 = Release|Any CPU
		{AEDF89F1-5AAB-4F02-84F6-EC8553C8060B}.Debug|Any CPU.ActiveCfg = Debug|Any CPU
		{AEDF89F1-5AAB-4F02-84F6-EC8553C8060B}.Debug|Any CPU.Build.0 = Debug|Any CPU
		{AEDF89F1-5AAB-4F02-84F6-EC8553C8060B}.Release|Any CPU.ActiveCfg = Release|Any CPU
		{AEDF89F1-5AAB-4F02-84F6-EC8553C8060B}.Release|Any CPU.Build.0 = Release|Any CPU
		{34148FF4-85DD-42B0-BA17-22F702E5745F}.Debug|Any CPU.ActiveCfg = Debug|Any CPU
		{34148FF4-85DD-42B0-BA17-22F702E5745F}.Debug|Any CPU.Build.0 = Debug|Any CPU
		{34148FF4-85DD-42B0-BA17-22F702E5745F}.Release|Any CPU.ActiveCfg = Release|Any CPU
		{34148FF4-85DD-42B0-BA17-22F702E5745F}.Release|Any CPU.Build.0 = Release|Any CPU
		{46FCF6FD-CEB6-439F-AC2B-6467F7632E6F}.Debug|Any CPU.ActiveCfg = Debug|Any CPU
		{46FCF6FD-CEB6-439F-AC2B-6467F7632E6F}.Debug|Any CPU.Build.0 = Debug|Any CPU
		{46FCF6FD-CEB6-439F-AC2B-6467F7632E6F}.Release|Any CPU.ActiveCfg = Release|Any CPU
		{46FCF6FD-CEB6-439F-AC2B-6467F7632E6F}.Release|Any CPU.Build.0 = Release|Any CPU
		{1BF9156E-5E8E-4B15-963C-DDA4149DDA59}.Debug|Any CPU.ActiveCfg = Debug|Any CPU
		{1BF9156E-5E8E-4B15-963C-DDA4149DDA59}.Debug|Any CPU.Build.0 = Debug|Any CPU
		{1BF9156E-5E8E-4B15-963C-DDA4149DDA59}.Release|Any CPU.ActiveCfg = Release|Any CPU
		{1BF9156E-5E8E-4B15-963C-DDA4149DDA59}.Release|Any CPU.Build.0 = Release|Any CPU
		{31B55CDF-5967-42D2-A079-A8F9EF4003BB}.Debug|Any CPU.ActiveCfg = Debug|Any CPU
		{31B55CDF-5967-42D2-A079-A8F9EF4003BB}.Debug|Any CPU.Build.0 = Debug|Any CPU
		{31B55CDF-5967-42D2-A079-A8F9EF4003BB}.Release|Any CPU.ActiveCfg = Release|Any CPU
		{31B55CDF-5967-42D2-A079-A8F9EF4003BB}.Release|Any CPU.Build.0 = Release|Any CPU
		{DE15520F-96DA-4A39-BE8C-774A243B10AE}.Debug|Any CPU.ActiveCfg = Debug|Any CPU
		{DE15520F-96DA-4A39-BE8C-774A243B10AE}.Debug|Any CPU.Build.0 = Debug|Any CPU
		{DE15520F-96DA-4A39-BE8C-774A243B10AE}.Release|Any CPU.ActiveCfg = Release|Any CPU
		{DE15520F-96DA-4A39-BE8C-774A243B10AE}.Release|Any CPU.Build.0 = Release|Any CPU
		{F3ADEABA-8491-4BF9-92B4-D6FD3CAFFAA3}.Debug|Any CPU.ActiveCfg = Debug|Any CPU
		{F3ADEABA-8491-4BF9-92B4-D6FD3CAFFAA3}.Debug|Any CPU.Build.0 = Debug|Any CPU
		{F3ADEABA-8491-4BF9-92B4-D6FD3CAFFAA3}.Release|Any CPU.ActiveCfg = Release|Any CPU
		{F3ADEABA-8491-4BF9-92B4-D6FD3CAFFAA3}.Release|Any CPU.Build.0 = Release|Any CPU
		{C378FE82-C4FC-4449-910E-D92024BA0EDA}.Debug|Any CPU.ActiveCfg = Debug|Any CPU
		{C378FE82-C4FC-4449-910E-D92024BA0EDA}.Debug|Any CPU.Build.0 = Debug|Any CPU
		{C378FE82-C4FC-4449-910E-D92024BA0EDA}.Release|Any CPU.ActiveCfg = Release|Any CPU
		{C378FE82-C4FC-4449-910E-D92024BA0EDA}.Release|Any CPU.Build.0 = Release|Any CPU
		{25695490-A0D7-49D0-838B-E7E16EFE9B51}.Debug|Any CPU.ActiveCfg = Debug|Any CPU
		{25695490-A0D7-49D0-838B-E7E16EFE9B51}.Debug|Any CPU.Build.0 = Debug|Any CPU
		{25695490-A0D7-49D0-838B-E7E16EFE9B51}.Release|Any CPU.ActiveCfg = Release|Any CPU
		{25695490-A0D7-49D0-838B-E7E16EFE9B51}.Release|Any CPU.Build.0 = Release|Any CPU
		{E2339B1F-A100-4446-B164-9DE2B48C089C}.Debug|Any CPU.ActiveCfg = Debug|Any CPU
		{E2339B1F-A100-4446-B164-9DE2B48C089C}.Debug|Any CPU.Build.0 = Debug|Any CPU
		{E2339B1F-A100-4446-B164-9DE2B48C089C}.Release|Any CPU.ActiveCfg = Release|Any CPU
		{E2339B1F-A100-4446-B164-9DE2B48C089C}.Release|Any CPU.Build.0 = Release|Any CPU
		{06E45E15-B31D-4D13-8DEF-2E62E0419D8F}.Debug|Any CPU.ActiveCfg = Debug|Any CPU
		{06E45E15-B31D-4D13-8DEF-2E62E0419D8F}.Debug|Any CPU.Build.0 = Debug|Any CPU
		{06E45E15-B31D-4D13-8DEF-2E62E0419D8F}.Release|Any CPU.ActiveCfg = Release|Any CPU
		{06E45E15-B31D-4D13-8DEF-2E62E0419D8F}.Release|Any CPU.Build.0 = Release|Any CPU
		{B89325B5-B182-4A3A-B06E-521B535078B6}.Debug|Any CPU.ActiveCfg = Debug|Any CPU
		{B89325B5-B182-4A3A-B06E-521B535078B6}.Debug|Any CPU.Build.0 = Debug|Any CPU
		{B89325B5-B182-4A3A-B06E-521B535078B6}.Release|Any CPU.ActiveCfg = Release|Any CPU
		{B89325B5-B182-4A3A-B06E-521B535078B6}.Release|Any CPU.Build.0 = Release|Any CPU
		{4AE3E03D-755B-47B9-9D71-8DF5DDF75C21}.Debug|Any CPU.ActiveCfg = Debug|Any CPU
		{4AE3E03D-755B-47B9-9D71-8DF5DDF75C21}.Debug|Any CPU.Build.0 = Debug|Any CPU
		{4AE3E03D-755B-47B9-9D71-8DF5DDF75C21}.Release|Any CPU.ActiveCfg = Release|Any CPU
		{4AE3E03D-755B-47B9-9D71-8DF5DDF75C21}.Release|Any CPU.Build.0 = Release|Any CPU
		{FEAAC9F0-D494-4D90-A1FB-474139EDB4CD}.Debug|Any CPU.ActiveCfg = Debug|Any CPU
		{FEAAC9F0-D494-4D90-A1FB-474139EDB4CD}.Debug|Any CPU.Build.0 = Debug|Any CPU
		{FEAAC9F0-D494-4D90-A1FB-474139EDB4CD}.Release|Any CPU.ActiveCfg = Release|Any CPU
		{FEAAC9F0-D494-4D90-A1FB-474139EDB4CD}.Release|Any CPU.Build.0 = Release|Any CPU
		{211F352B-14F6-41A5-B599-F92A5151DA7D}.Debug|Any CPU.ActiveCfg = Debug|Any CPU
		{211F352B-14F6-41A5-B599-F92A5151DA7D}.Debug|Any CPU.Build.0 = Debug|Any CPU
		{211F352B-14F6-41A5-B599-F92A5151DA7D}.Release|Any CPU.ActiveCfg = Release|Any CPU
		{211F352B-14F6-41A5-B599-F92A5151DA7D}.Release|Any CPU.Build.0 = Release|Any CPU
		{CE5CAA42-D73B-424F-B2C3-EF315D021D6B}.Debug|Any CPU.ActiveCfg = Debug|Any CPU
		{CE5CAA42-D73B-424F-B2C3-EF315D021D6B}.Debug|Any CPU.Build.0 = Debug|Any CPU
		{CE5CAA42-D73B-424F-B2C3-EF315D021D6B}.Release|Any CPU.ActiveCfg = Release|Any CPU
		{CE5CAA42-D73B-424F-B2C3-EF315D021D6B}.Release|Any CPU.Build.0 = Release|Any CPU
		{162C3862-4AB5-4A5F-831B-81822C75BC2C}.Debug|Any CPU.ActiveCfg = Debug|Any CPU
		{162C3862-4AB5-4A5F-831B-81822C75BC2C}.Debug|Any CPU.Build.0 = Debug|Any CPU
		{162C3862-4AB5-4A5F-831B-81822C75BC2C}.Release|Any CPU.ActiveCfg = Release|Any CPU
		{162C3862-4AB5-4A5F-831B-81822C75BC2C}.Release|Any CPU.Build.0 = Release|Any CPU
		{05B34288-1E0A-4253-A568-E0637324F1DA}.Debug|Any CPU.ActiveCfg = Debug|Any CPU
		{05B34288-1E0A-4253-A568-E0637324F1DA}.Debug|Any CPU.Build.0 = Debug|Any CPU
		{05B34288-1E0A-4253-A568-E0637324F1DA}.Release|Any CPU.ActiveCfg = Release|Any CPU
		{05B34288-1E0A-4253-A568-E0637324F1DA}.Release|Any CPU.Build.0 = Release|Any CPU
		{C6592852-366F-4259-A24C-0DE9611F27A2}.Debug|Any CPU.ActiveCfg = Debug|Any CPU
		{C6592852-366F-4259-A24C-0DE9611F27A2}.Debug|Any CPU.Build.0 = Debug|Any CPU
		{C6592852-366F-4259-A24C-0DE9611F27A2}.Release|Any CPU.ActiveCfg = Release|Any CPU
		{C6592852-366F-4259-A24C-0DE9611F27A2}.Release|Any CPU.Build.0 = Release|Any CPU
		{40A472C9-529A-4F5F-BFBA-F85A558A358F}.Debug|Any CPU.ActiveCfg = Debug|Any CPU
		{40A472C9-529A-4F5F-BFBA-F85A558A358F}.Debug|Any CPU.Build.0 = Debug|Any CPU
		{40A472C9-529A-4F5F-BFBA-F85A558A358F}.Release|Any CPU.ActiveCfg = Release|Any CPU
		{40A472C9-529A-4F5F-BFBA-F85A558A358F}.Release|Any CPU.Build.0 = Release|Any CPU
		{169A0597-0466-4222-AF07-489849132102}.Debug|Any CPU.ActiveCfg = Debug|Any CPU
		{169A0597-0466-4222-AF07-489849132102}.Debug|Any CPU.Build.0 = Debug|Any CPU
		{169A0597-0466-4222-AF07-489849132102}.Release|Any CPU.ActiveCfg = Release|Any CPU
		{169A0597-0466-4222-AF07-489849132102}.Release|Any CPU.Build.0 = Release|Any CPU
		{BB272DBB-CEEA-4B1E-BC86-D53F511FBD98}.Debug|Any CPU.ActiveCfg = Debug|Any CPU
		{BB272DBB-CEEA-4B1E-BC86-D53F511FBD98}.Debug|Any CPU.Build.0 = Debug|Any CPU
		{BB272DBB-CEEA-4B1E-BC86-D53F511FBD98}.Release|Any CPU.ActiveCfg = Release|Any CPU
		{BB272DBB-CEEA-4B1E-BC86-D53F511FBD98}.Release|Any CPU.Build.0 = Release|Any CPU
		{A793ABC4-C6E4-4389-8FC9-48E9010423F8}.Debug|Any CPU.ActiveCfg = Debug|Any CPU
		{A793ABC4-C6E4-4389-8FC9-48E9010423F8}.Debug|Any CPU.Build.0 = Debug|Any CPU
		{A793ABC4-C6E4-4389-8FC9-48E9010423F8}.Release|Any CPU.ActiveCfg = Release|Any CPU
		{A793ABC4-C6E4-4389-8FC9-48E9010423F8}.Release|Any CPU.Build.0 = Release|Any CPU
	EndGlobalSection
	GlobalSection(NestedProjects) = preSolution
		{D1C03840-0781-4237-9977-A21D2D01F5FE} = {600C805C-26EA-4AD8-9460-9E1B6C844DF2}
		{03335AA6-3B9A-494F-9F29-70A3275D70A5} = {600C805C-26EA-4AD8-9460-9E1B6C844DF2}
		{965624EE-22ED-4089-82CE-AE0B64F922B5} = {600C805C-26EA-4AD8-9460-9E1B6C844DF2}
		{32E095BE-4D7F-4636-B49E-56B75211B802} = {600C805C-26EA-4AD8-9460-9E1B6C844DF2}
		{FAD1A47E-FA9A-41AA-95D0-CC9487520C13} = {600C805C-26EA-4AD8-9460-9E1B6C844DF2}
		{21461F95-5587-4267-99E7-1E2D05D11D60} = {EB2B23B5-43E0-4A92-B319-DAABE8BD1B19}
		{9CAAA4B5-9C8C-4E17-A267-800DEF3395FF} = {EB2B23B5-43E0-4A92-B319-DAABE8BD1B19}
		{6BD53E8D-F37E-4768-84B4-74FDF4DFA45F} = {EB2B23B5-43E0-4A92-B319-DAABE8BD1B19}
		{AEDF89F1-5AAB-4F02-84F6-EC8553C8060B} = {EB2B23B5-43E0-4A92-B319-DAABE8BD1B19}
		{34148FF4-85DD-42B0-BA17-22F702E5745F} = {EB2B23B5-43E0-4A92-B319-DAABE8BD1B19}
		{46FCF6FD-CEB6-439F-AC2B-6467F7632E6F} = {056DC8EF-7538-4F88-860F-110A8A743DD4}
		{1BF9156E-5E8E-4B15-963C-DDA4149DDA59} = {056DC8EF-7538-4F88-860F-110A8A743DD4}
		{31B55CDF-5967-42D2-A079-A8F9EF4003BB} = {056DC8EF-7538-4F88-860F-110A8A743DD4}
		{DE15520F-96DA-4A39-BE8C-774A243B10AE} = {0F168535-2921-4B70-87CE-06CD42AC7369}
		{F3ADEABA-8491-4BF9-92B4-D6FD3CAFFAA3} = {0F168535-2921-4B70-87CE-06CD42AC7369}
		{C378FE82-C4FC-4449-910E-D92024BA0EDA} = {0F168535-2921-4B70-87CE-06CD42AC7369}
		{25695490-A0D7-49D0-838B-E7E16EFE9B51} = {0F168535-2921-4B70-87CE-06CD42AC7369}
		{E2339B1F-A100-4446-B164-9DE2B48C089C} = {4C3B4AAD-F0B9-4B8D-97EA-8A453F3E24D8}
		{06E45E15-B31D-4D13-8DEF-2E62E0419D8F} = {4C3B4AAD-F0B9-4B8D-97EA-8A453F3E24D8}
		{B89325B5-B182-4A3A-B06E-521B535078B6} = {4C3B4AAD-F0B9-4B8D-97EA-8A453F3E24D8}
		{4AE3E03D-755B-47B9-9D71-8DF5DDF75C21} = {4C3B4AAD-F0B9-4B8D-97EA-8A453F3E24D8}
		{FEAAC9F0-D494-4D90-A1FB-474139EDB4CD} = {4C3B4AAD-F0B9-4B8D-97EA-8A453F3E24D8}
		{211F352B-14F6-41A5-B599-F92A5151DA7D} = {4C3B4AAD-F0B9-4B8D-97EA-8A453F3E24D8}
		{CE5CAA42-D73B-424F-B2C3-EF315D021D6B} = {1875CC71-CAB1-4046-AB3F-85171490FE96}
		{162C3862-4AB5-4A5F-831B-81822C75BC2C} = {1875CC71-CAB1-4046-AB3F-85171490FE96}
		{05B34288-1E0A-4253-A568-E0637324F1DA} = {1875CC71-CAB1-4046-AB3F-85171490FE96}
		{C6592852-366F-4259-A24C-0DE9611F27A2} = {1875CC71-CAB1-4046-AB3F-85171490FE96}
		{40A472C9-529A-4F5F-BFBA-F85A558A358F} = {185DA43B-646D-4D53-8EF5-8BAD194B8595}
		{169A0597-0466-4222-AF07-489849132102} = {185DA43B-646D-4D53-8EF5-8BAD194B8595}
		{BB272DBB-CEEA-4B1E-BC86-D53F511FBD98} = {185DA43B-646D-4D53-8EF5-8BAD194B8595}
		{A793ABC4-C6E4-4389-8FC9-48E9010423F8} = {185DA43B-646D-4D53-8EF5-8BAD194B8595}
	EndGlobalSection
EndGlobal
