
Microsoft Visual Studio Solution File, Format Version 12.00
Project("{FAE04EC0-301F-11D3-BF4B-00C04F79EFBC}") = "Trabajos SIG", "Trabajos SIG\Trabajos SIG.csproj", "{965624EE-22ED-4089-82CE-AE0B64F922B5}"
EndProject
Project("{FAE04EC0-301F-11D3-BF4B-00C04F79EFBC}") = "Hola Mundo", "Hola Mundo\Hola Mundo.csproj", "{D1C03840-0781-4237-9977-A21D2D01F5FE}"
EndProject
Project("{FAE04EC0-301F-11D3-BF4B-00C04F79EFBC}") = "Area de un circulo", "Area de un circulo\Area de un circulo.csproj", "{03335AA6-3B9A-494F-9F29-70A3275D70A5}"
EndProject
Project("{2150E333-8FDC-42A3-9474-1A3956D46DE8}") = "Actividad 1", "Actividad 1", "{600C805C-26EA-4AD8-9460-9E1B6C844DF2}"
EndProject
Project("{FAE04EC0-301F-11D3-BF4B-00C04F79EFBC}") = "Area de un triangulo", "Area de un triangulo\Area de un triangulo.csproj", "{32E095BE-4D7F-4636-B49E-56B75211B802}"
EndProject
Project("{FAE04EC0-301F-11D3-BF4B-00C04F79EFBC}") = "Paga Trabajador", "Paga Trabajador\Paga Trabajador.csproj", "{FAD1A47E-FA9A-41AA-95D0-CC9487520C13}"
EndProject
Project("{2150E333-8FDC-42A3-9474-1A3956D46DE8}") = "Actividad 2", "Actividad 2", "{EB2B23B5-43E0-4A92-B319-DAABE8BD1B19}"
EndProject
Project("{FAE04EC0-301F-11D3-BF4B-00C04F79EFBC}") = "Operaciones Matematicas", "Operaciones Matematicas\Operaciones Matematicas.csproj", "{21461F95-5587-4267-99E7-1E2D05D11D60}"
EndProject
Project("{FAE04EC0-301F-11D3-BF4B-00C04F79EFBC}") = "Promedio Calificaciones", "Promedio Calificaciones\Promedio Calificaciones.csproj", "{9CAAA4B5-9C8C-4E17-A267-800DEF3395FF}"
EndProject
Project("{FAE04EC0-301F-11D3-BF4B-00C04F79EFBC}") = "Operadores de asignacion", "Operadores de asignacion\Operadores de asignacion.csproj", "{6BD53E8D-F37E-4768-84B4-74FDF4DFA45F}"
EndProject
Project("{FAE04EC0-301F-11D3-BF4B-00C04F79EFBC}") = "Funciones trigonometricas", "Funciones trigonometricas\Funciones trigonometricas.csproj", "{AEDF89F1-5AAB-4F02-84F6-EC8553C8060B}"
EndProject
Project("{FAE04EC0-301F-11D3-BF4B-00C04F79EFBC}") = "Dividir en cifras", "Dividir en cifras\Dividir en cifras.csproj", "{34148FF4-85DD-42B0-BA17-22F702E5745F}"
EndProject
Project("{FAE04EC0-301F-11D3-BF4B-00C04F79EFBC}") = "Trabajando Enteros", "Trabajando Enteros\Trabajando Enteros.csproj", "{46FCF6FD-CEB6-439F-AC2B-6467F7632E6F}"
EndProject
Project("{2150E333-8FDC-42A3-9474-1A3956D46DE8}") = "Actividad 3", "Actividad 3", "{056DC8EF-7538-4F88-860F-110A8A743DD4}"
EndProject
Project("{FAE04EC0-301F-11D3-BF4B-00C04F79EFBC}") = "Trabajando con flotantes", "Trabajando con flotantes\Trabajando con flotantes.csproj", "{1BF9156E-5E8E-4B15-963C-DDA4149DDA59}"
EndProject
Project("{FAE04EC0-301F-11D3-BF4B-00C04F79EFBC}") = "Trabajando Constantes", "Trabajando Constantes\Trabajando Constantes.csproj", "{31B55CDF-5967-42D2-A079-A8F9EF4003BB}"
EndProject
Project("{2150E333-8FDC-42A3-9474-1A3956D46DE8}") = "Actividad 4", "Actividad 4", "{4C3B4AAD-F0B9-4B8D-97EA-8A453F3E24D8}"
EndProject
Project("{2150E333-8FDC-42A3-9474-1A3956D46DE8}") = "Tarea 1", "Tarea 1", "{0F168535-2921-4B70-87CE-06CD42AC7369}"
EndProject
Project("{FAE04EC0-301F-11D3-BF4B-00C04F79EFBC}") = "Verificar Numero", "Verificar Numero\Verificar Numero.csproj", "{DE15520F-96DA-4A39-BE8C-774A243B10AE}"
EndProject
Project("{FAE04EC0-301F-11D3-BF4B-00C04F79EFBC}") = "Verificar Suma", "Verificar Suma\Verificar Suma.csproj", "{F3ADEABA-8491-4BF9-92B4-D6FD3CAFFAA3}"
EndProject
Project("{FAE04EC0-301F-11D3-BF4B-00C04F79EFBC}") = "Convertir Temperatura", "Convertir Temperatura\Convertir Temperatura.csproj", "{C378FE82-C4FC-4449-910E-D92024BA0EDA}"
EndProject
Project("{FAE04EC0-301F-11D3-BF4B-00C04F79EFBC}") = "Paga Extra", "Paga Extra\Paga Extra.csproj", "{25695490-A0D7-49D0-838B-E7E16EFE9B51}"
EndProject
Project("{FAE04EC0-301F-11D3-BF4B-00C04F79EFBC}") = "Hipotenusa Triangulo", "Hipotenusa Triangulo\Hipotenusa Triangulo.csproj", "{E2339B1F-A100-4446-B164-9DE2B48C089C}"
EndProject
Project("{FAE04EC0-301F-11D3-BF4B-00C04F79EFBC}") = "Calcular Angulo", "Calcular Angulo\Calcular Angulo.csproj", "{06E45E15-B31D-4D13-8DEF-2E62E0419D8F}"
EndProject
Project("{FAE04EC0-301F-11D3-BF4B-00C04F79EFBC}") = "Convertir Farenheit", "Convertir Farenheit\Convertir Farenheit.csproj", "{B89325B5-B182-4A3A-B06E-521B535078B6}"
EndProject
Project("{FAE04EC0-301F-11D3-BF4B-00C04F79EFBC}") = "Volumen Cilindro", "Volumen Cilindro\Volumen Cilindro.csproj", "{4AE3E03D-755B-47B9-9D71-8DF5DDF75C21}"
EndProject
Project("{FAE04EC0-301F-11D3-BF4B-00C04F79EFBC}") = "Calculo Tiempo", "Calculo Tiempo\Calculo Tiempo.csproj", "{FEAAC9F0-D494-4D90-A1FB-474139EDB4CD}"
EndProject
Project("{FAE04EC0-301F-11D3-BF4B-00C04F79EFBC}") = "Convertir Dolares", "Convertir Dolares\Convertir Dolares.csproj", "{211F352B-14F6-41A5-B599-F92A5151DA7D}"
EndProject
Project("{2150E333-8FDC-42A3-9474-1A3956D46DE8}") = "Actividad 5", "Actividad 5", "{1875CC71-CAB1-4046-AB3F-85171490FE96}"
EndProject
Project("{FAE04EC0-301F-11D3-BF4B-00C04F79EFBC}") = "Esaciones Año", "Esaciones Año\Esaciones Año.csproj", "{CE5CAA42-D73B-424F-B2C3-EF315D021D6B}"
EndProject
Project("{FAE04EC0-301F-11D3-BF4B-00C04F79EFBC}") = "Tipo Angulo", "Tipo Angulo\Tipo Angulo.csproj", "{162C3862-4AB5-4A5F-831B-81822C75BC2C}"
EndProject
Project("{FAE04EC0-301F-11D3-BF4B-00C04F79EFBC}") = "Aceptar Estudiante", "Aceptar Estudiante\Aceptar Estudiante.csproj", "{05B34288-1E0A-4253-A568-E0637324F1DA}"
EndProject
Project("{FAE04EC0-301F-11D3-BF4B-00C04F79EFBC}") = "Ley de Newton", "Ley de Newton\Ley de Newton.csproj", "{C6592852-366F-4259-A24C-0DE9611F27A2}"
EndProject
Project("{2150E333-8FDC-42A3-9474-1A3956D46DE8}") = "Actividad 6", "Actividad 6", "{185DA43B-646D-4D53-8EF5-8BAD194B8595}"
EndProject
Project("{FAE04EC0-301F-11D3-BF4B-00C04F79EFBC}") = "Calculadora", "Calculadora\Calculadora.csproj", "{40A472C9-529A-4F5F-BFBA-F85A558A358F}"
EndProject
Project("{FAE04EC0-301F-11D3-BF4B-00C04F79EFBC}") = "Dia Semana", "Dia Semana\Dia Semana.csproj", "{169A0597-0466-4222-AF07-489849132102}"
EndProject
Project("{FAE04EC0-301F-11D3-BF4B-00C04F79EFBC}") = "Numeros Romanos", "Numeros Romanos\Numeros Romanos.csproj", "{BB272DBB-CEEA-4B1E-BC86-D53F511FBD98}"
EndProject
Project("{FAE04EC0-301F-11D3-BF4B-00C04F79EFBC}") = "Pago Estacionamiento", "Pago Estacionamiento\Pago Estacionamiento.csproj", "{A793ABC4-C6E4-4389-8FC9-48E9010423F8}"
EndProject
Project("{2150E333-8FDC-42A3-9474-1A3956D46DE8}") = "Repaso Parcial 1", "Repaso Parcial 1", "{DAFB087B-6402-4A6A-B122-4639B472FB7D}"
EndProject
Project("{FAE04EC0-301F-11D3-BF4B-00C04F79EFBC}") = "Repaso primer parcial", "Repaso primer parcial\Repaso primer parcial.csproj", "{4DEAE0B2-487D-4F61-8081-B07307193AEC}"
EndProject
Project("{2150E333-8FDC-42A3-9474-1A3956D46DE8}") = "Tarea 2", "Tarea 2", "{CB41D4C2-545D-44F3-AD06-B15660811B60}"
EndProject
Project("{FAE04EC0-301F-11D3-BF4B-00C04F79EFBC}") = "Numeros Consecutivos", "Numeros Consecutivos\Numeros Consecutivos.csproj", "{075EFA53-B662-4F24-A51A-B05EAB4A7874}"
EndProject
Project("{FAE04EC0-301F-11D3-BF4B-00C04F79EFBC}") = "Numero Mayor", "Numero Mayor\Numero Mayor.csproj", "{BB6DEA01-CE09-4468-8F77-4C410CC38A3F}"
EndProject
Project("{FAE04EC0-301F-11D3-BF4B-00C04F79EFBC}") = "Continentes Mundo", "Continentes Mundo\Continentes Mundo.csproj", "{DAEABBC6-3758-4C77-9D2B-50C7111CE1EE}"
EndProject
Project("{FAE04EC0-301F-11D3-BF4B-00C04F79EFBC}") = "Compra Pizza", "Compra Pizza\Compra Pizza.csproj", "{6506BAC2-D5D9-47B4-8B91-E6F5A83B6F4D}"
EndProject
Project("{FAE04EC0-301F-11D3-BF4B-00C04F79EFBC}") = "Calculo Notas", "Calculo Notas\Calculo Notas.csproj", "{A6CE231E-4B16-4E39-A7CB-D2D69686BF44}"
EndProject
Project("{FAE04EC0-301F-11D3-BF4B-00C04F79EFBC}") = "Aceptar Estudiante V2", "Aceptar Estudiante V2\Aceptar Estudiante V2.csproj", "{823EE821-25DF-4150-8B5A-3F3ECDB72960}"
EndProject
Project("{2150E333-8FDC-42A3-9474-1A3956D46DE8}") = "Examen 1", "Examen 1", "{D8445DFA-166B-4FF3-A238-2F010F2B3EEC}"
EndProject
Project("{FAE04EC0-301F-11D3-BF4B-00C04F79EFBC}") = "Examen 1", "Examen 1\Examen 1.csproj", "{777E02EE-62C3-431B-A7CF-CD81F3FC9F40}"
EndProject
Project("{2150E333-8FDC-42A3-9474-1A3956D46DE8}") = "Actividad 8", "Actividad 8", "{2C142667-4877-4BEF-BC4B-277D2F9BBD4C}"
EndProject
Project("{FAE04EC0-301F-11D3-BF4B-00C04F79EFBC}") = "Numeros de 1 a 100", "Numeros de 1 a 100\Numeros de 1 a 100.csproj", "{74D23787-587E-4C5D-90F6-B2C53391AF20}"
EndProject
Project("{FAE04EC0-301F-11D3-BF4B-00C04F79EFBC}") = "Numeros de 100 a 1", "Numeros de 100 a 1\Numeros de 100 a 1.csproj", "{5808C8FA-9394-4374-947E-75634151AACD}"
EndProject
Project("{FAE04EC0-301F-11D3-BF4B-00C04F79EFBC}") = "Procesa calificaciónes", "Procesa calificaciónes\Procesa calificaciónes.csproj", "{C183A09E-0D5D-4369-867C-66330CF5469D}"
EndProject
Project("{FAE04EC0-301F-11D3-BF4B-00C04F79EFBC}") = "Tabla Multiplicar", "Tabla Multiplicar\Tabla Multiplicar.csproj", "{AB12F97E-362D-4401-8F35-657DFA92FF6B}"
EndProject
Project("{FAE04EC0-301F-11D3-BF4B-00C04F79EFBC}") = "Conteo numeros", "Conteo numeros\Conteo numeros.csproj", "{C6725D69-9E59-47D3-B76A-6B0CA1769E5C}"
EndProject
Project("{2150E333-8FDC-42A3-9474-1A3956D46DE8}") = "Actividad 9", "Actividad 9", "{E9B9E049-A1F1-4E41-9EB1-A241C5626A3A}"
EndProject
Project("{FAE04EC0-301F-11D3-BF4B-00C04F79EFBC}") = "Pares Ascendente", "Pares Ascendente\Pares Ascendente.csproj", "{903D79DF-2420-49E8-B64F-369A04EC376B}"
EndProject
Project("{FAE04EC0-301F-11D3-BF4B-00C04F79EFBC}") = "Impares Descendente", "Impares Descendente\Impares Descendente.csproj", "{413A8648-EAF6-43E6-B3F0-75600C1F4C3C}"
EndProject
Project("{FAE04EC0-301F-11D3-BF4B-00C04F79EFBC}") = "Tabla de Conversion", "Tabla de Conversion\Tabla de Conversion.csproj", "{FCC7DDE9-45E1-48B9-91D6-FB5D85B67522}"
EndProject
Project("{FAE04EC0-301F-11D3-BF4B-00C04F79EFBC}") = "Conjetura de Collatz", "Conjetura de Collatz\Conjetura de Collatz.csproj", "{4E346E50-E12B-4D4A-B2A8-57368AFE0F79}"
EndProject
Project("{2150E333-8FDC-42A3-9474-1A3956D46DE8}") = "Actividad 10", "Actividad 10", "{28C87D8E-17DD-40D1-A11E-457D49280158}"
EndProject
Project("{2150E333-8FDC-42A3-9474-1A3956D46DE8}") = "Tarea 3", "Tarea 3", "{5A4E8534-3447-40FE-B33E-AB6C8F7AC099}"
EndProject
Project("{FAE04EC0-301F-11D3-BF4B-00C04F79EFBC}") = "Impares Ascendente", "Impares Ascendente\Impares Ascendente.csproj", "{FD2A86EF-7053-45B8-9ECB-5F63AEF877D0}"
EndProject
Project("{FAE04EC0-301F-11D3-BF4B-00C04F79EFBC}") = "Pares Descendente", "Pares Descendente\Pares Descendente.csproj", "{9F87E972-CD65-44F4-9653-A31569DC0257}"
EndProject
Project("{FAE04EC0-301F-11D3-BF4B-00C04F79EFBC}") = "Tabla Temperaturas", "Tabla Temperaturas\Tabla Temperaturas.csproj", "{D57AF271-D737-465F-A888-93E6A92F3F12}"
EndProject
Project("{FAE04EC0-301F-11D3-BF4B-00C04F79EFBC}") = "Serie Fibonaci", "Serie Fibonaci\Serie Fibonaci.csproj", "{BD2A4639-03AA-4DD7-A755-4A938C13C0D7}"
EndProject
Project("{FAE04EC0-301F-11D3-BF4B-00C04F79EFBC}") = "Numeros 1 a n for", "Numeros 1 a n for\Numeros 1 a n for.csproj", "{4FD08215-70E1-425D-B397-5F14B6C04103}"
EndProject
Project("{FAE04EC0-301F-11D3-BF4B-00C04F79EFBC}") = "Numeros de n a 1 for", "Numeros de n a 1 for\Numeros de n a 1 for.csproj", "{6AF9A208-680D-4984-8E97-CE03577B4BCC}"
EndProject
Project("{FAE04EC0-301F-11D3-BF4B-00C04F79EFBC}") = "Arriba Abajo", "Arriba Abajo\Arriba Abajo.csproj", "{F962999E-541A-4B4A-AD80-2AEBD7D678FF}"
EndProject
Project("{FAE04EC0-301F-11D3-BF4B-00C04F79EFBC}") = "Suma Pares Impares", "Suma Pares Impares\Suma Pares Impares.csproj", "{678F1E6E-BDCB-47DD-BCD7-826270F49D28}"
EndProject
Project("{FAE04EC0-301F-11D3-BF4B-00C04F79EFBC}") = "Suma Promedio", "Suma Promedio\Suma Promedio.csproj", "{7BE333FD-7C56-4E3E-9EEC-37C0054E07C7}"
EndProject
Project("{2150E333-8FDC-42A3-9474-1A3956D46DE8}") = "Actividad 11", "Actividad 11", "{8B5A32B2-7B38-418C-AFF1-D58729C79968}"
EndProject
Project("{FAE04EC0-301F-11D3-BF4B-00C04F79EFBC}") = "Tablas Multiplicar For", "Tablas Multiplicar For\Tablas Multiplicar For.csproj", "{3A5B2B1C-0714-4B16-A367-EF3C6ADFA085}"
EndProject
Project("{FAE04EC0-301F-11D3-BF4B-00C04F79EFBC}") = "Piramide", "Piramide\Piramide.csproj", "{74C09DA8-CDD2-411B-B8A4-12F9B18B188F}"
EndProject
Project("{FAE04EC0-301F-11D3-BF4B-00C04F79EFBC}") = "Factorial Numeros", "Factorial Numeros\Factorial Numeros.csproj", "{79C4E2A2-27C1-40C5-92FF-0C862284EB6A}"
EndProject
Project("{FAE04EC0-301F-11D3-BF4B-00C04F79EFBC}") = "Suma terminos", "Suma terminos\Suma terminos.csproj", "{BA2FC1D3-03E3-4BFE-A4B5-CBD07136DC0C}"
EndProject
Project("{2150E333-8FDC-42A3-9474-1A3956D46DE8}") = "Tarea 4", "Tarea 4", "{C278D060-5B71-43C1-AB7C-ED8995F561FD}"
EndProject
Project("{FAE04EC0-301F-11D3-BF4B-00C04F79EFBC}") = "Secuencia Numeros 1", "Secuencia Numeros 1\Secuencia Numeros 1.csproj", "{B8C3816A-9F71-4658-AFB6-60B1F1B1441A}"
EndProject
Project("{FAE04EC0-301F-11D3-BF4B-00C04F79EFBC}") = "Secuencia Numeros 2", "Secuencia Numeros 2\Secuencia Numeros 2.csproj", "{4DF9696C-E496-433B-9223-D3466A6489C0}"
EndProject
Project("{FAE04EC0-301F-11D3-BF4B-00C04F79EFBC}") = "Suma Terminos For 1", "Suma Terminos For 1\Suma Terminos For 1.csproj", "{8D7AD643-569B-4BA1-B6EC-3713D30B2054}"
EndProject
Project("{FAE04EC0-301F-11D3-BF4B-00C04F79EFBC}") = "Suma Terminos For 2", "Suma Terminos For 2\Suma Terminos For 2.csproj", "{9BC5E76B-71B1-44C6-923D-963A3057869C}"
EndProject
Global
	GlobalSection(SolutionConfigurationPlatforms) = preSolution
		Debug|Any CPU = Debug|Any CPU
		Release|Any CPU = Release|Any CPU
	EndGlobalSection
	GlobalSection(ProjectConfigurationPlatforms) = postSolution
		{965624EE-22ED-4089-82CE-AE0B64F922B5}.Debug|Any CPU.ActiveCfg = Debug|Any CPU
		{965624EE-22ED-4089-82CE-AE0B64F922B5}.Debug|Any CPU.Build.0 = Debug|Any CPU
		{965624EE-22ED-4089-82CE-AE0B64F922B5}.Release|Any CPU.ActiveCfg = Release|Any CPU
		{965624EE-22ED-4089-82CE-AE0B64F922B5}.Release|Any CPU.Build.0 = Release|Any CPU
		{D1C03840-0781-4237-9977-A21D2D01F5FE}.Debug|Any CPU.ActiveCfg = Debug|Any CPU
		{D1C03840-0781-4237-9977-A21D2D01F5FE}.Debug|Any CPU.Build.0 = Debug|Any CPU
		{D1C03840-0781-4237-9977-A21D2D01F5FE}.Release|Any CPU.ActiveCfg = Release|Any CPU
		{D1C03840-0781-4237-9977-A21D2D01F5FE}.Release|Any CPU.Build.0 = Release|Any CPU
		{03335AA6-3B9A-494F-9F29-70A3275D70A5}.Debug|Any CPU.ActiveCfg = Debug|Any CPU
		{03335AA6-3B9A-494F-9F29-70A3275D70A5}.Debug|Any CPU.Build.0 = Debug|Any CPU
		{03335AA6-3B9A-494F-9F29-70A3275D70A5}.Release|Any CPU.ActiveCfg = Release|Any CPU
		{03335AA6-3B9A-494F-9F29-70A3275D70A5}.Release|Any CPU.Build.0 = Release|Any CPU
		{32E095BE-4D7F-4636-B49E-56B75211B802}.Debug|Any CPU.ActiveCfg = Debug|Any CPU
		{32E095BE-4D7F-4636-B49E-56B75211B802}.Debug|Any CPU.Build.0 = Debug|Any CPU
		{32E095BE-4D7F-4636-B49E-56B75211B802}.Release|Any CPU.ActiveCfg = Release|Any CPU
		{32E095BE-4D7F-4636-B49E-56B75211B802}.Release|Any CPU.Build.0 = Release|Any CPU
		{FAD1A47E-FA9A-41AA-95D0-CC9487520C13}.Debug|Any CPU.ActiveCfg = Debug|Any CPU
		{FAD1A47E-FA9A-41AA-95D0-CC9487520C13}.Debug|Any CPU.Build.0 = Debug|Any CPU
		{FAD1A47E-FA9A-41AA-95D0-CC9487520C13}.Release|Any CPU.ActiveCfg = Release|Any CPU
		{FAD1A47E-FA9A-41AA-95D0-CC9487520C13}.Release|Any CPU.Build.0 = Release|Any CPU
		{21461F95-5587-4267-99E7-1E2D05D11D60}.Debug|Any CPU.ActiveCfg = Debug|Any CPU
		{21461F95-5587-4267-99E7-1E2D05D11D60}.Debug|Any CPU.Build.0 = Debug|Any CPU
		{21461F95-5587-4267-99E7-1E2D05D11D60}.Release|Any CPU.ActiveCfg = Release|Any CPU
		{21461F95-5587-4267-99E7-1E2D05D11D60}.Release|Any CPU.Build.0 = Release|Any CPU
		{9CAAA4B5-9C8C-4E17-A267-800DEF3395FF}.Debug|Any CPU.ActiveCfg = Debug|Any CPU
		{9CAAA4B5-9C8C-4E17-A267-800DEF3395FF}.Debug|Any CPU.Build.0 = Debug|Any CPU
		{9CAAA4B5-9C8C-4E17-A267-800DEF3395FF}.Release|Any CPU.ActiveCfg = Release|Any CPU
		{9CAAA4B5-9C8C-4E17-A267-800DEF3395FF}.Release|Any CPU.Build.0 = Release|Any CPU
		{6BD53E8D-F37E-4768-84B4-74FDF4DFA45F}.Debug|Any CPU.ActiveCfg = Debug|Any CPU
		{6BD53E8D-F37E-4768-84B4-74FDF4DFA45F}.Debug|Any CPU.Build.0 = Debug|Any CPU
		{6BD53E8D-F37E-4768-84B4-74FDF4DFA45F}.Release|Any CPU.ActiveCfg = Release|Any CPU
		{6BD53E8D-F37E-4768-84B4-74FDF4DFA45F}.Release|Any CPU.Build.0 = Release|Any CPU
		{AEDF89F1-5AAB-4F02-84F6-EC8553C8060B}.Debug|Any CPU.ActiveCfg = Debug|Any CPU
		{AEDF89F1-5AAB-4F02-84F6-EC8553C8060B}.Debug|Any CPU.Build.0 = Debug|Any CPU
		{AEDF89F1-5AAB-4F02-84F6-EC8553C8060B}.Release|Any CPU.ActiveCfg = Release|Any CPU
		{AEDF89F1-5AAB-4F02-84F6-EC8553C8060B}.Release|Any CPU.Build.0 = Release|Any CPU
		{34148FF4-85DD-42B0-BA17-22F702E5745F}.Debug|Any CPU.ActiveCfg = Debug|Any CPU
		{34148FF4-85DD-42B0-BA17-22F702E5745F}.Debug|Any CPU.Build.0 = Debug|Any CPU
		{34148FF4-85DD-42B0-BA17-22F702E5745F}.Release|Any CPU.ActiveCfg = Release|Any CPU
		{34148FF4-85DD-42B0-BA17-22F702E5745F}.Release|Any CPU.Build.0 = Release|Any CPU
		{46FCF6FD-CEB6-439F-AC2B-6467F7632E6F}.Debug|Any CPU.ActiveCfg = Debug|Any CPU
		{46FCF6FD-CEB6-439F-AC2B-6467F7632E6F}.Debug|Any CPU.Build.0 = Debug|Any CPU
		{46FCF6FD-CEB6-439F-AC2B-6467F7632E6F}.Release|Any CPU.ActiveCfg = Release|Any CPU
		{46FCF6FD-CEB6-439F-AC2B-6467F7632E6F}.Release|Any CPU.Build.0 = Release|Any CPU
		{1BF9156E-5E8E-4B15-963C-DDA4149DDA59}.Debug|Any CPU.ActiveCfg = Debug|Any CPU
		{1BF9156E-5E8E-4B15-963C-DDA4149DDA59}.Debug|Any CPU.Build.0 = Debug|Any CPU
		{1BF9156E-5E8E-4B15-963C-DDA4149DDA59}.Release|Any CPU.ActiveCfg = Release|Any CPU
		{1BF9156E-5E8E-4B15-963C-DDA4149DDA59}.Release|Any CPU.Build.0 = Release|Any CPU
		{31B55CDF-5967-42D2-A079-A8F9EF4003BB}.Debug|Any CPU.ActiveCfg = Debug|Any CPU
		{31B55CDF-5967-42D2-A079-A8F9EF4003BB}.Debug|Any CPU.Build.0 = Debug|Any CPU
		{31B55CDF-5967-42D2-A079-A8F9EF4003BB}.Release|Any CPU.ActiveCfg = Release|Any CPU
		{31B55CDF-5967-42D2-A079-A8F9EF4003BB}.Release|Any CPU.Build.0 = Release|Any CPU
		{DE15520F-96DA-4A39-BE8C-774A243B10AE}.Debug|Any CPU.ActiveCfg = Debug|Any CPU
		{DE15520F-96DA-4A39-BE8C-774A243B10AE}.Debug|Any CPU.Build.0 = Debug|Any CPU
		{DE15520F-96DA-4A39-BE8C-774A243B10AE}.Release|Any CPU.ActiveCfg = Release|Any CPU
		{DE15520F-96DA-4A39-BE8C-774A243B10AE}.Release|Any CPU.Build.0 = Release|Any CPU
		{F3ADEABA-8491-4BF9-92B4-D6FD3CAFFAA3}.Debug|Any CPU.ActiveCfg = Debug|Any CPU
		{F3ADEABA-8491-4BF9-92B4-D6FD3CAFFAA3}.Debug|Any CPU.Build.0 = Debug|Any CPU
		{F3ADEABA-8491-4BF9-92B4-D6FD3CAFFAA3}.Release|Any CPU.ActiveCfg = Release|Any CPU
		{F3ADEABA-8491-4BF9-92B4-D6FD3CAFFAA3}.Release|Any CPU.Build.0 = Release|Any CPU
		{C378FE82-C4FC-4449-910E-D92024BA0EDA}.Debug|Any CPU.ActiveCfg = Debug|Any CPU
		{C378FE82-C4FC-4449-910E-D92024BA0EDA}.Debug|Any CPU.Build.0 = Debug|Any CPU
		{C378FE82-C4FC-4449-910E-D92024BA0EDA}.Release|Any CPU.ActiveCfg = Release|Any CPU
		{C378FE82-C4FC-4449-910E-D92024BA0EDA}.Release|Any CPU.Build.0 = Release|Any CPU
		{25695490-A0D7-49D0-838B-E7E16EFE9B51}.Debug|Any CPU.ActiveCfg = Debug|Any CPU
		{25695490-A0D7-49D0-838B-E7E16EFE9B51}.Debug|Any CPU.Build.0 = Debug|Any CPU
		{25695490-A0D7-49D0-838B-E7E16EFE9B51}.Release|Any CPU.ActiveCfg = Release|Any CPU
		{25695490-A0D7-49D0-838B-E7E16EFE9B51}.Release|Any CPU.Build.0 = Release|Any CPU
		{E2339B1F-A100-4446-B164-9DE2B48C089C}.Debug|Any CPU.ActiveCfg = Debug|Any CPU
		{E2339B1F-A100-4446-B164-9DE2B48C089C}.Debug|Any CPU.Build.0 = Debug|Any CPU
		{E2339B1F-A100-4446-B164-9DE2B48C089C}.Release|Any CPU.ActiveCfg = Release|Any CPU
		{E2339B1F-A100-4446-B164-9DE2B48C089C}.Release|Any CPU.Build.0 = Release|Any CPU
		{06E45E15-B31D-4D13-8DEF-2E62E0419D8F}.Debug|Any CPU.ActiveCfg = Debug|Any CPU
		{06E45E15-B31D-4D13-8DEF-2E62E0419D8F}.Debug|Any CPU.Build.0 = Debug|Any CPU
		{06E45E15-B31D-4D13-8DEF-2E62E0419D8F}.Release|Any CPU.ActiveCfg = Release|Any CPU
		{06E45E15-B31D-4D13-8DEF-2E62E0419D8F}.Release|Any CPU.Build.0 = Release|Any CPU
		{B89325B5-B182-4A3A-B06E-521B535078B6}.Debug|Any CPU.ActiveCfg = Debug|Any CPU
		{B89325B5-B182-4A3A-B06E-521B535078B6}.Debug|Any CPU.Build.0 = Debug|Any CPU
		{B89325B5-B182-4A3A-B06E-521B535078B6}.Release|Any CPU.ActiveCfg = Release|Any CPU
		{B89325B5-B182-4A3A-B06E-521B535078B6}.Release|Any CPU.Build.0 = Release|Any CPU
		{4AE3E03D-755B-47B9-9D71-8DF5DDF75C21}.Debug|Any CPU.ActiveCfg = Debug|Any CPU
		{4AE3E03D-755B-47B9-9D71-8DF5DDF75C21}.Debug|Any CPU.Build.0 = Debug|Any CPU
		{4AE3E03D-755B-47B9-9D71-8DF5DDF75C21}.Release|Any CPU.ActiveCfg = Release|Any CPU
		{4AE3E03D-755B-47B9-9D71-8DF5DDF75C21}.Release|Any CPU.Build.0 = Release|Any CPU
		{FEAAC9F0-D494-4D90-A1FB-474139EDB4CD}.Debug|Any CPU.ActiveCfg = Debug|Any CPU
		{FEAAC9F0-D494-4D90-A1FB-474139EDB4CD}.Debug|Any CPU.Build.0 = Debug|Any CPU
		{FEAAC9F0-D494-4D90-A1FB-474139EDB4CD}.Release|Any CPU.ActiveCfg = Release|Any CPU
		{FEAAC9F0-D494-4D90-A1FB-474139EDB4CD}.Release|Any CPU.Build.0 = Release|Any CPU
		{211F352B-14F6-41A5-B599-F92A5151DA7D}.Debug|Any CPU.ActiveCfg = Debug|Any CPU
		{211F352B-14F6-41A5-B599-F92A5151DA7D}.Debug|Any CPU.Build.0 = Debug|Any CPU
		{211F352B-14F6-41A5-B599-F92A5151DA7D}.Release|Any CPU.ActiveCfg = Release|Any CPU
		{211F352B-14F6-41A5-B599-F92A5151DA7D}.Release|Any CPU.Build.0 = Release|Any CPU
		{CE5CAA42-D73B-424F-B2C3-EF315D021D6B}.Debug|Any CPU.ActiveCfg = Debug|Any CPU
		{CE5CAA42-D73B-424F-B2C3-EF315D021D6B}.Debug|Any CPU.Build.0 = Debug|Any CPU
		{CE5CAA42-D73B-424F-B2C3-EF315D021D6B}.Release|Any CPU.ActiveCfg = Release|Any CPU
		{CE5CAA42-D73B-424F-B2C3-EF315D021D6B}.Release|Any CPU.Build.0 = Release|Any CPU
		{162C3862-4AB5-4A5F-831B-81822C75BC2C}.Debug|Any CPU.ActiveCfg = Debug|Any CPU
		{162C3862-4AB5-4A5F-831B-81822C75BC2C}.Debug|Any CPU.Build.0 = Debug|Any CPU
		{162C3862-4AB5-4A5F-831B-81822C75BC2C}.Release|Any CPU.ActiveCfg = Release|Any CPU
		{162C3862-4AB5-4A5F-831B-81822C75BC2C}.Release|Any CPU.Build.0 = Release|Any CPU
		{05B34288-1E0A-4253-A568-E0637324F1DA}.Debug|Any CPU.ActiveCfg = Debug|Any CPU
		{05B34288-1E0A-4253-A568-E0637324F1DA}.Debug|Any CPU.Build.0 = Debug|Any CPU
		{05B34288-1E0A-4253-A568-E0637324F1DA}.Release|Any CPU.ActiveCfg = Release|Any CPU
		{05B34288-1E0A-4253-A568-E0637324F1DA}.Release|Any CPU.Build.0 = Release|Any CPU
		{C6592852-366F-4259-A24C-0DE9611F27A2}.Debug|Any CPU.ActiveCfg = Debug|Any CPU
		{C6592852-366F-4259-A24C-0DE9611F27A2}.Debug|Any CPU.Build.0 = Debug|Any CPU
		{C6592852-366F-4259-A24C-0DE9611F27A2}.Release|Any CPU.ActiveCfg = Release|Any CPU
		{C6592852-366F-4259-A24C-0DE9611F27A2}.Release|Any CPU.Build.0 = Release|Any CPU
		{40A472C9-529A-4F5F-BFBA-F85A558A358F}.Debug|Any CPU.ActiveCfg = Debug|Any CPU
		{40A472C9-529A-4F5F-BFBA-F85A558A358F}.Debug|Any CPU.Build.0 = Debug|Any CPU
		{40A472C9-529A-4F5F-BFBA-F85A558A358F}.Release|Any CPU.ActiveCfg = Release|Any CPU
		{40A472C9-529A-4F5F-BFBA-F85A558A358F}.Release|Any CPU.Build.0 = Release|Any CPU
		{169A0597-0466-4222-AF07-489849132102}.Debug|Any CPU.ActiveCfg = Debug|Any CPU
		{169A0597-0466-4222-AF07-489849132102}.Debug|Any CPU.Build.0 = Debug|Any CPU
		{169A0597-0466-4222-AF07-489849132102}.Release|Any CPU.ActiveCfg = Release|Any CPU
		{169A0597-0466-4222-AF07-489849132102}.Release|Any CPU.Build.0 = Release|Any CPU
		{BB272DBB-CEEA-4B1E-BC86-D53F511FBD98}.Debug|Any CPU.ActiveCfg = Debug|Any CPU
		{BB272DBB-CEEA-4B1E-BC86-D53F511FBD98}.Debug|Any CPU.Build.0 = Debug|Any CPU
		{BB272DBB-CEEA-4B1E-BC86-D53F511FBD98}.Release|Any CPU.ActiveCfg = Release|Any CPU
		{BB272DBB-CEEA-4B1E-BC86-D53F511FBD98}.Release|Any CPU.Build.0 = Release|Any CPU
		{A793ABC4-C6E4-4389-8FC9-48E9010423F8}.Debug|Any CPU.ActiveCfg = Debug|Any CPU
		{A793ABC4-C6E4-4389-8FC9-48E9010423F8}.Debug|Any CPU.Build.0 = Debug|Any CPU
		{A793ABC4-C6E4-4389-8FC9-48E9010423F8}.Release|Any CPU.ActiveCfg = Release|Any CPU
		{A793ABC4-C6E4-4389-8FC9-48E9010423F8}.Release|Any CPU.Build.0 = Release|Any CPU
		{4DEAE0B2-487D-4F61-8081-B07307193AEC}.Debug|Any CPU.ActiveCfg = Debug|Any CPU
		{4DEAE0B2-487D-4F61-8081-B07307193AEC}.Debug|Any CPU.Build.0 = Debug|Any CPU
		{4DEAE0B2-487D-4F61-8081-B07307193AEC}.Release|Any CPU.ActiveCfg = Release|Any CPU
		{4DEAE0B2-487D-4F61-8081-B07307193AEC}.Release|Any CPU.Build.0 = Release|Any CPU
		{075EFA53-B662-4F24-A51A-B05EAB4A7874}.Debug|Any CPU.ActiveCfg = Debug|Any CPU
		{075EFA53-B662-4F24-A51A-B05EAB4A7874}.Debug|Any CPU.Build.0 = Debug|Any CPU
		{075EFA53-B662-4F24-A51A-B05EAB4A7874}.Release|Any CPU.ActiveCfg = Release|Any CPU
		{075EFA53-B662-4F24-A51A-B05EAB4A7874}.Release|Any CPU.Build.0 = Release|Any CPU
		{BB6DEA01-CE09-4468-8F77-4C410CC38A3F}.Debug|Any CPU.ActiveCfg = Debug|Any CPU
		{BB6DEA01-CE09-4468-8F77-4C410CC38A3F}.Debug|Any CPU.Build.0 = Debug|Any CPU
		{BB6DEA01-CE09-4468-8F77-4C410CC38A3F}.Release|Any CPU.ActiveCfg = Release|Any CPU
		{BB6DEA01-CE09-4468-8F77-4C410CC38A3F}.Release|Any CPU.Build.0 = Release|Any CPU
		{DAEABBC6-3758-4C77-9D2B-50C7111CE1EE}.Debug|Any CPU.ActiveCfg = Debug|Any CPU
		{DAEABBC6-3758-4C77-9D2B-50C7111CE1EE}.Debug|Any CPU.Build.0 = Debug|Any CPU
		{DAEABBC6-3758-4C77-9D2B-50C7111CE1EE}.Release|Any CPU.ActiveCfg = Release|Any CPU
		{DAEABBC6-3758-4C77-9D2B-50C7111CE1EE}.Release|Any CPU.Build.0 = Release|Any CPU
		{6506BAC2-D5D9-47B4-8B91-E6F5A83B6F4D}.Debug|Any CPU.ActiveCfg = Debug|Any CPU
		{6506BAC2-D5D9-47B4-8B91-E6F5A83B6F4D}.Debug|Any CPU.Build.0 = Debug|Any CPU
		{6506BAC2-D5D9-47B4-8B91-E6F5A83B6F4D}.Release|Any CPU.ActiveCfg = Release|Any CPU
		{6506BAC2-D5D9-47B4-8B91-E6F5A83B6F4D}.Release|Any CPU.Build.0 = Release|Any CPU
		{A6CE231E-4B16-4E39-A7CB-D2D69686BF44}.Debug|Any CPU.ActiveCfg = Debug|Any CPU
		{A6CE231E-4B16-4E39-A7CB-D2D69686BF44}.Debug|Any CPU.Build.0 = Debug|Any CPU
		{A6CE231E-4B16-4E39-A7CB-D2D69686BF44}.Release|Any CPU.ActiveCfg = Release|Any CPU
		{A6CE231E-4B16-4E39-A7CB-D2D69686BF44}.Release|Any CPU.Build.0 = Release|Any CPU
		{823EE821-25DF-4150-8B5A-3F3ECDB72960}.Debug|Any CPU.ActiveCfg = Debug|Any CPU
		{823EE821-25DF-4150-8B5A-3F3ECDB72960}.Debug|Any CPU.Build.0 = Debug|Any CPU
		{823EE821-25DF-4150-8B5A-3F3ECDB72960}.Release|Any CPU.ActiveCfg = Release|Any CPU
		{823EE821-25DF-4150-8B5A-3F3ECDB72960}.Release|Any CPU.Build.0 = Release|Any CPU
		{777E02EE-62C3-431B-A7CF-CD81F3FC9F40}.Debug|Any CPU.ActiveCfg = Debug|Any CPU
		{777E02EE-62C3-431B-A7CF-CD81F3FC9F40}.Debug|Any CPU.Build.0 = Debug|Any CPU
		{777E02EE-62C3-431B-A7CF-CD81F3FC9F40}.Release|Any CPU.ActiveCfg = Release|Any CPU
		{777E02EE-62C3-431B-A7CF-CD81F3FC9F40}.Release|Any CPU.Build.0 = Release|Any CPU
		{74D23787-587E-4C5D-90F6-B2C53391AF20}.Debug|Any CPU.ActiveCfg = Debug|Any CPU
		{74D23787-587E-4C5D-90F6-B2C53391AF20}.Debug|Any CPU.Build.0 = Debug|Any CPU
		{74D23787-587E-4C5D-90F6-B2C53391AF20}.Release|Any CPU.ActiveCfg = Release|Any CPU
		{74D23787-587E-4C5D-90F6-B2C53391AF20}.Release|Any CPU.Build.0 = Release|Any CPU
		{5808C8FA-9394-4374-947E-75634151AACD}.Debug|Any CPU.ActiveCfg = Debug|Any CPU
		{5808C8FA-9394-4374-947E-75634151AACD}.Debug|Any CPU.Build.0 = Debug|Any CPU
		{5808C8FA-9394-4374-947E-75634151AACD}.Release|Any CPU.ActiveCfg = Release|Any CPU
		{5808C8FA-9394-4374-947E-75634151AACD}.Release|Any CPU.Build.0 = Release|Any CPU
		{C183A09E-0D5D-4369-867C-66330CF5469D}.Debug|Any CPU.ActiveCfg = Debug|Any CPU
		{C183A09E-0D5D-4369-867C-66330CF5469D}.Debug|Any CPU.Build.0 = Debug|Any CPU
		{C183A09E-0D5D-4369-867C-66330CF5469D}.Release|Any CPU.ActiveCfg = Release|Any CPU
		{C183A09E-0D5D-4369-867C-66330CF5469D}.Release|Any CPU.Build.0 = Release|Any CPU
		{AB12F97E-362D-4401-8F35-657DFA92FF6B}.Debug|Any CPU.ActiveCfg = Debug|Any CPU
		{AB12F97E-362D-4401-8F35-657DFA92FF6B}.Debug|Any CPU.Build.0 = Debug|Any CPU
		{AB12F97E-362D-4401-8F35-657DFA92FF6B}.Release|Any CPU.ActiveCfg = Release|Any CPU
		{AB12F97E-362D-4401-8F35-657DFA92FF6B}.Release|Any CPU.Build.0 = Release|Any CPU
		{C6725D69-9E59-47D3-B76A-6B0CA1769E5C}.Debug|Any CPU.ActiveCfg = Debug|Any CPU
		{C6725D69-9E59-47D3-B76A-6B0CA1769E5C}.Debug|Any CPU.Build.0 = Debug|Any CPU
		{C6725D69-9E59-47D3-B76A-6B0CA1769E5C}.Release|Any CPU.ActiveCfg = Release|Any CPU
		{C6725D69-9E59-47D3-B76A-6B0CA1769E5C}.Release|Any CPU.Build.0 = Release|Any CPU
		{903D79DF-2420-49E8-B64F-369A04EC376B}.Debug|Any CPU.ActiveCfg = Debug|Any CPU
		{903D79DF-2420-49E8-B64F-369A04EC376B}.Debug|Any CPU.Build.0 = Debug|Any CPU
		{903D79DF-2420-49E8-B64F-369A04EC376B}.Release|Any CPU.ActiveCfg = Release|Any CPU
		{903D79DF-2420-49E8-B64F-369A04EC376B}.Release|Any CPU.Build.0 = Release|Any CPU
		{413A8648-EAF6-43E6-B3F0-75600C1F4C3C}.Debug|Any CPU.ActiveCfg = Debug|Any CPU
		{413A8648-EAF6-43E6-B3F0-75600C1F4C3C}.Debug|Any CPU.Build.0 = Debug|Any CPU
		{413A8648-EAF6-43E6-B3F0-75600C1F4C3C}.Release|Any CPU.ActiveCfg = Release|Any CPU
		{413A8648-EAF6-43E6-B3F0-75600C1F4C3C}.Release|Any CPU.Build.0 = Release|Any CPU
		{FCC7DDE9-45E1-48B9-91D6-FB5D85B67522}.Debug|Any CPU.ActiveCfg = Debug|Any CPU
		{FCC7DDE9-45E1-48B9-91D6-FB5D85B67522}.Debug|Any CPU.Build.0 = Debug|Any CPU
		{FCC7DDE9-45E1-48B9-91D6-FB5D85B67522}.Release|Any CPU.ActiveCfg = Release|Any CPU
		{FCC7DDE9-45E1-48B9-91D6-FB5D85B67522}.Release|Any CPU.Build.0 = Release|Any CPU
		{4E346E50-E12B-4D4A-B2A8-57368AFE0F79}.Debug|Any CPU.ActiveCfg = Debug|Any CPU
		{4E346E50-E12B-4D4A-B2A8-57368AFE0F79}.Debug|Any CPU.Build.0 = Debug|Any CPU
		{4E346E50-E12B-4D4A-B2A8-57368AFE0F79}.Release|Any CPU.ActiveCfg = Release|Any CPU
		{4E346E50-E12B-4D4A-B2A8-57368AFE0F79}.Release|Any CPU.Build.0 = Release|Any CPU
		{FD2A86EF-7053-45B8-9ECB-5F63AEF877D0}.Debug|Any CPU.ActiveCfg = Debug|Any CPU
		{FD2A86EF-7053-45B8-9ECB-5F63AEF877D0}.Debug|Any CPU.Build.0 = Debug|Any CPU
		{FD2A86EF-7053-45B8-9ECB-5F63AEF877D0}.Release|Any CPU.ActiveCfg = Release|Any CPU
		{FD2A86EF-7053-45B8-9ECB-5F63AEF877D0}.Release|Any CPU.Build.0 = Release|Any CPU
		{9F87E972-CD65-44F4-9653-A31569DC0257}.Debug|Any CPU.ActiveCfg = Debug|Any CPU
		{9F87E972-CD65-44F4-9653-A31569DC0257}.Debug|Any CPU.Build.0 = Debug|Any CPU
		{9F87E972-CD65-44F4-9653-A31569DC0257}.Release|Any CPU.ActiveCfg = Release|Any CPU
		{9F87E972-CD65-44F4-9653-A31569DC0257}.Release|Any CPU.Build.0 = Release|Any CPU
		{D57AF271-D737-465F-A888-93E6A92F3F12}.Debug|Any CPU.ActiveCfg = Debug|Any CPU
		{D57AF271-D737-465F-A888-93E6A92F3F12}.Debug|Any CPU.Build.0 = Debug|Any CPU
		{D57AF271-D737-465F-A888-93E6A92F3F12}.Release|Any CPU.ActiveCfg = Release|Any CPU
		{D57AF271-D737-465F-A888-93E6A92F3F12}.Release|Any CPU.Build.0 = Release|Any CPU
		{BD2A4639-03AA-4DD7-A755-4A938C13C0D7}.Debug|Any CPU.ActiveCfg = Debug|Any CPU
		{BD2A4639-03AA-4DD7-A755-4A938C13C0D7}.Debug|Any CPU.Build.0 = Debug|Any CPU
		{BD2A4639-03AA-4DD7-A755-4A938C13C0D7}.Release|Any CPU.ActiveCfg = Release|Any CPU
		{BD2A4639-03AA-4DD7-A755-4A938C13C0D7}.Release|Any CPU.Build.0 = Release|Any CPU
		{4FD08215-70E1-425D-B397-5F14B6C04103}.Debug|Any CPU.ActiveCfg = Debug|Any CPU
		{4FD08215-70E1-425D-B397-5F14B6C04103}.Debug|Any CPU.Build.0 = Debug|Any CPU
		{4FD08215-70E1-425D-B397-5F14B6C04103}.Release|Any CPU.ActiveCfg = Release|Any CPU
		{4FD08215-70E1-425D-B397-5F14B6C04103}.Release|Any CPU.Build.0 = Release|Any CPU
		{6AF9A208-680D-4984-8E97-CE03577B4BCC}.Debug|Any CPU.ActiveCfg = Debug|Any CPU
		{6AF9A208-680D-4984-8E97-CE03577B4BCC}.Debug|Any CPU.Build.0 = Debug|Any CPU
		{6AF9A208-680D-4984-8E97-CE03577B4BCC}.Release|Any CPU.ActiveCfg = Release|Any CPU
		{6AF9A208-680D-4984-8E97-CE03577B4BCC}.Release|Any CPU.Build.0 = Release|Any CPU
		{F962999E-541A-4B4A-AD80-2AEBD7D678FF}.Debug|Any CPU.ActiveCfg = Debug|Any CPU
		{F962999E-541A-4B4A-AD80-2AEBD7D678FF}.Debug|Any CPU.Build.0 = Debug|Any CPU
		{F962999E-541A-4B4A-AD80-2AEBD7D678FF}.Release|Any CPU.ActiveCfg = Release|Any CPU
		{F962999E-541A-4B4A-AD80-2AEBD7D678FF}.Release|Any CPU.Build.0 = Release|Any CPU
		{678F1E6E-BDCB-47DD-BCD7-826270F49D28}.Debug|Any CPU.ActiveCfg = Debug|Any CPU
		{678F1E6E-BDCB-47DD-BCD7-826270F49D28}.Debug|Any CPU.Build.0 = Debug|Any CPU
		{678F1E6E-BDCB-47DD-BCD7-826270F49D28}.Release|Any CPU.ActiveCfg = Release|Any CPU
		{678F1E6E-BDCB-47DD-BCD7-826270F49D28}.Release|Any CPU.Build.0 = Release|Any CPU
		{7BE333FD-7C56-4E3E-9EEC-37C0054E07C7}.Debug|Any CPU.ActiveCfg = Debug|Any CPU
		{7BE333FD-7C56-4E3E-9EEC-37C0054E07C7}.Debug|Any CPU.Build.0 = Debug|Any CPU
		{7BE333FD-7C56-4E3E-9EEC-37C0054E07C7}.Release|Any CPU.ActiveCfg = Release|Any CPU
		{7BE333FD-7C56-4E3E-9EEC-37C0054E07C7}.Release|Any CPU.Build.0 = Release|Any CPU
		{3A5B2B1C-0714-4B16-A367-EF3C6ADFA085}.Debug|Any CPU.ActiveCfg = Debug|Any CPU
		{3A5B2B1C-0714-4B16-A367-EF3C6ADFA085}.Debug|Any CPU.Build.0 = Debug|Any CPU
		{3A5B2B1C-0714-4B16-A367-EF3C6ADFA085}.Release|Any CPU.ActiveCfg = Release|Any CPU
		{3A5B2B1C-0714-4B16-A367-EF3C6ADFA085}.Release|Any CPU.Build.0 = Release|Any CPU
		{74C09DA8-CDD2-411B-B8A4-12F9B18B188F}.Debug|Any CPU.ActiveCfg = Debug|Any CPU
		{74C09DA8-CDD2-411B-B8A4-12F9B18B188F}.Debug|Any CPU.Build.0 = Debug|Any CPU
		{74C09DA8-CDD2-411B-B8A4-12F9B18B188F}.Release|Any CPU.ActiveCfg = Release|Any CPU
		{74C09DA8-CDD2-411B-B8A4-12F9B18B188F}.Release|Any CPU.Build.0 = Release|Any CPU
		{79C4E2A2-27C1-40C5-92FF-0C862284EB6A}.Debug|Any CPU.ActiveCfg = Debug|Any CPU
		{79C4E2A2-27C1-40C5-92FF-0C862284EB6A}.Debug|Any CPU.Build.0 = Debug|Any CPU
		{79C4E2A2-27C1-40C5-92FF-0C862284EB6A}.Release|Any CPU.ActiveCfg = Release|Any CPU
		{79C4E2A2-27C1-40C5-92FF-0C862284EB6A}.Release|Any CPU.Build.0 = Release|Any CPU
		{BA2FC1D3-03E3-4BFE-A4B5-CBD07136DC0C}.Debug|Any CPU.ActiveCfg = Debug|Any CPU
		{BA2FC1D3-03E3-4BFE-A4B5-CBD07136DC0C}.Debug|Any CPU.Build.0 = Debug|Any CPU
		{BA2FC1D3-03E3-4BFE-A4B5-CBD07136DC0C}.Release|Any CPU.ActiveCfg = Release|Any CPU
		{BA2FC1D3-03E3-4BFE-A4B5-CBD07136DC0C}.Release|Any CPU.Build.0 = Release|Any CPU
		{B8C3816A-9F71-4658-AFB6-60B1F1B1441A}.Debug|Any CPU.ActiveCfg = Debug|Any CPU
		{B8C3816A-9F71-4658-AFB6-60B1F1B1441A}.Debug|Any CPU.Build.0 = Debug|Any CPU
		{B8C3816A-9F71-4658-AFB6-60B1F1B1441A}.Release|Any CPU.ActiveCfg = Release|Any CPU
		{B8C3816A-9F71-4658-AFB6-60B1F1B1441A}.Release|Any CPU.Build.0 = Release|Any CPU
		{4DF9696C-E496-433B-9223-D3466A6489C0}.Debug|Any CPU.ActiveCfg = Debug|Any CPU
		{4DF9696C-E496-433B-9223-D3466A6489C0}.Debug|Any CPU.Build.0 = Debug|Any CPU
		{4DF9696C-E496-433B-9223-D3466A6489C0}.Release|Any CPU.ActiveCfg = Release|Any CPU
		{4DF9696C-E496-433B-9223-D3466A6489C0}.Release|Any CPU.Build.0 = Release|Any CPU
		{8D7AD643-569B-4BA1-B6EC-3713D30B2054}.Debug|Any CPU.ActiveCfg = Debug|Any CPU
		{8D7AD643-569B-4BA1-B6EC-3713D30B2054}.Debug|Any CPU.Build.0 = Debug|Any CPU
		{8D7AD643-569B-4BA1-B6EC-3713D30B2054}.Release|Any CPU.ActiveCfg = Release|Any CPU
		{8D7AD643-569B-4BA1-B6EC-3713D30B2054}.Release|Any CPU.Build.0 = Release|Any CPU
		{9BC5E76B-71B1-44C6-923D-963A3057869C}.Debug|Any CPU.ActiveCfg = Debug|Any CPU
		{9BC5E76B-71B1-44C6-923D-963A3057869C}.Debug|Any CPU.Build.0 = Debug|Any CPU
		{9BC5E76B-71B1-44C6-923D-963A3057869C}.Release|Any CPU.ActiveCfg = Release|Any CPU
		{9BC5E76B-71B1-44C6-923D-963A3057869C}.Release|Any CPU.Build.0 = Release|Any CPU
	EndGlobalSection
	GlobalSection(NestedProjects) = preSolution
		{D1C03840-0781-4237-9977-A21D2D01F5FE} = {600C805C-26EA-4AD8-9460-9E1B6C844DF2}
		{03335AA6-3B9A-494F-9F29-70A3275D70A5} = {600C805C-26EA-4AD8-9460-9E1B6C844DF2}
		{965624EE-22ED-4089-82CE-AE0B64F922B5} = {600C805C-26EA-4AD8-9460-9E1B6C844DF2}
		{32E095BE-4D7F-4636-B49E-56B75211B802} = {600C805C-26EA-4AD8-9460-9E1B6C844DF2}
		{FAD1A47E-FA9A-41AA-95D0-CC9487520C13} = {600C805C-26EA-4AD8-9460-9E1B6C844DF2}
		{21461F95-5587-4267-99E7-1E2D05D11D60} = {EB2B23B5-43E0-4A92-B319-DAABE8BD1B19}
		{9CAAA4B5-9C8C-4E17-A267-800DEF3395FF} = {EB2B23B5-43E0-4A92-B319-DAABE8BD1B19}
		{6BD53E8D-F37E-4768-84B4-74FDF4DFA45F} = {EB2B23B5-43E0-4A92-B319-DAABE8BD1B19}
		{AEDF89F1-5AAB-4F02-84F6-EC8553C8060B} = {EB2B23B5-43E0-4A92-B319-DAABE8BD1B19}
		{34148FF4-85DD-42B0-BA17-22F702E5745F} = {EB2B23B5-43E0-4A92-B319-DAABE8BD1B19}
		{46FCF6FD-CEB6-439F-AC2B-6467F7632E6F} = {056DC8EF-7538-4F88-860F-110A8A743DD4}
		{1BF9156E-5E8E-4B15-963C-DDA4149DDA59} = {056DC8EF-7538-4F88-860F-110A8A743DD4}
		{31B55CDF-5967-42D2-A079-A8F9EF4003BB} = {056DC8EF-7538-4F88-860F-110A8A743DD4}
		{DE15520F-96DA-4A39-BE8C-774A243B10AE} = {0F168535-2921-4B70-87CE-06CD42AC7369}
		{F3ADEABA-8491-4BF9-92B4-D6FD3CAFFAA3} = {0F168535-2921-4B70-87CE-06CD42AC7369}
		{C378FE82-C4FC-4449-910E-D92024BA0EDA} = {0F168535-2921-4B70-87CE-06CD42AC7369}
		{25695490-A0D7-49D0-838B-E7E16EFE9B51} = {0F168535-2921-4B70-87CE-06CD42AC7369}
		{E2339B1F-A100-4446-B164-9DE2B48C089C} = {4C3B4AAD-F0B9-4B8D-97EA-8A453F3E24D8}
		{06E45E15-B31D-4D13-8DEF-2E62E0419D8F} = {4C3B4AAD-F0B9-4B8D-97EA-8A453F3E24D8}
		{B89325B5-B182-4A3A-B06E-521B535078B6} = {4C3B4AAD-F0B9-4B8D-97EA-8A453F3E24D8}
		{4AE3E03D-755B-47B9-9D71-8DF5DDF75C21} = {4C3B4AAD-F0B9-4B8D-97EA-8A453F3E24D8}
		{FEAAC9F0-D494-4D90-A1FB-474139EDB4CD} = {4C3B4AAD-F0B9-4B8D-97EA-8A453F3E24D8}
		{211F352B-14F6-41A5-B599-F92A5151DA7D} = {4C3B4AAD-F0B9-4B8D-97EA-8A453F3E24D8}
		{CE5CAA42-D73B-424F-B2C3-EF315D021D6B} = {1875CC71-CAB1-4046-AB3F-85171490FE96}
		{162C3862-4AB5-4A5F-831B-81822C75BC2C} = {1875CC71-CAB1-4046-AB3F-85171490FE96}
		{05B34288-1E0A-4253-A568-E0637324F1DA} = {1875CC71-CAB1-4046-AB3F-85171490FE96}
		{C6592852-366F-4259-A24C-0DE9611F27A2} = {1875CC71-CAB1-4046-AB3F-85171490FE96}
		{40A472C9-529A-4F5F-BFBA-F85A558A358F} = {185DA43B-646D-4D53-8EF5-8BAD194B8595}
		{169A0597-0466-4222-AF07-489849132102} = {185DA43B-646D-4D53-8EF5-8BAD194B8595}
		{BB272DBB-CEEA-4B1E-BC86-D53F511FBD98} = {185DA43B-646D-4D53-8EF5-8BAD194B8595}
		{A793ABC4-C6E4-4389-8FC9-48E9010423F8} = {185DA43B-646D-4D53-8EF5-8BAD194B8595}
		{4DEAE0B2-487D-4F61-8081-B07307193AEC} = {DAFB087B-6402-4A6A-B122-4639B472FB7D}
		{075EFA53-B662-4F24-A51A-B05EAB4A7874} = {CB41D4C2-545D-44F3-AD06-B15660811B60}
		{BB6DEA01-CE09-4468-8F77-4C410CC38A3F} = {CB41D4C2-545D-44F3-AD06-B15660811B60}
		{DAEABBC6-3758-4C77-9D2B-50C7111CE1EE} = {CB41D4C2-545D-44F3-AD06-B15660811B60}
		{6506BAC2-D5D9-47B4-8B91-E6F5A83B6F4D} = {CB41D4C2-545D-44F3-AD06-B15660811B60}
		{A6CE231E-4B16-4E39-A7CB-D2D69686BF44} = {CB41D4C2-545D-44F3-AD06-B15660811B60}
		{823EE821-25DF-4150-8B5A-3F3ECDB72960} = {CB41D4C2-545D-44F3-AD06-B15660811B60}
		{777E02EE-62C3-431B-A7CF-CD81F3FC9F40} = {D8445DFA-166B-4FF3-A238-2F010F2B3EEC}
		{74D23787-587E-4C5D-90F6-B2C53391AF20} = {2C142667-4877-4BEF-BC4B-277D2F9BBD4C}
		{5808C8FA-9394-4374-947E-75634151AACD} = {2C142667-4877-4BEF-BC4B-277D2F9BBD4C}
		{C183A09E-0D5D-4369-867C-66330CF5469D} = {2C142667-4877-4BEF-BC4B-277D2F9BBD4C}
		{AB12F97E-362D-4401-8F35-657DFA92FF6B} = {2C142667-4877-4BEF-BC4B-277D2F9BBD4C}
		{C6725D69-9E59-47D3-B76A-6B0CA1769E5C} = {2C142667-4877-4BEF-BC4B-277D2F9BBD4C}
		{903D79DF-2420-49E8-B64F-369A04EC376B} = {E9B9E049-A1F1-4E41-9EB1-A241C5626A3A}
		{413A8648-EAF6-43E6-B3F0-75600C1F4C3C} = {E9B9E049-A1F1-4E41-9EB1-A241C5626A3A}
		{FCC7DDE9-45E1-48B9-91D6-FB5D85B67522} = {E9B9E049-A1F1-4E41-9EB1-A241C5626A3A}
		{4E346E50-E12B-4D4A-B2A8-57368AFE0F79} = {E9B9E049-A1F1-4E41-9EB1-A241C5626A3A}
		{FD2A86EF-7053-45B8-9ECB-5F63AEF877D0} = {5A4E8534-3447-40FE-B33E-AB6C8F7AC099}
		{9F87E972-CD65-44F4-9653-A31569DC0257} = {5A4E8534-3447-40FE-B33E-AB6C8F7AC099}
		{D57AF271-D737-465F-A888-93E6A92F3F12} = {5A4E8534-3447-40FE-B33E-AB6C8F7AC099}
		{BD2A4639-03AA-4DD7-A755-4A938C13C0D7} = {5A4E8534-3447-40FE-B33E-AB6C8F7AC099}
		{4FD08215-70E1-425D-B397-5F14B6C04103} = {28C87D8E-17DD-40D1-A11E-457D49280158}
		{6AF9A208-680D-4984-8E97-CE03577B4BCC} = {28C87D8E-17DD-40D1-A11E-457D49280158}
		{F962999E-541A-4B4A-AD80-2AEBD7D678FF} = {28C87D8E-17DD-40D1-A11E-457D49280158}
		{678F1E6E-BDCB-47DD-BCD7-826270F49D28} = {28C87D8E-17DD-40D1-A11E-457D49280158}
		{7BE333FD-7C56-4E3E-9EEC-37C0054E07C7} = {28C87D8E-17DD-40D1-A11E-457D49280158}
		{3A5B2B1C-0714-4B16-A367-EF3C6ADFA085} = {8B5A32B2-7B38-418C-AFF1-D58729C79968}
		{74C09DA8-CDD2-411B-B8A4-12F9B18B188F} = {8B5A32B2-7B38-418C-AFF1-D58729C79968}
		{79C4E2A2-27C1-40C5-92FF-0C862284EB6A} = {8B5A32B2-7B38-418C-AFF1-D58729C79968}
		{BA2FC1D3-03E3-4BFE-A4B5-CBD07136DC0C} = {8B5A32B2-7B38-418C-AFF1-D58729C79968}
		{B8C3816A-9F71-4658-AFB6-60B1F1B1441A} = {C278D060-5B71-43C1-AB7C-ED8995F561FD}
		{4DF9696C-E496-433B-9223-D3466A6489C0} = {C278D060-5B71-43C1-AB7C-ED8995F561FD}
		{8D7AD643-569B-4BA1-B6EC-3713D30B2054} = {C278D060-5B71-43C1-AB7C-ED8995F561FD}
		{9BC5E76B-71B1-44C6-923D-963A3057869C} = {C278D060-5B71-43C1-AB7C-ED8995F561FD}
	EndGlobalSection
EndGlobal
